// !$*UTF8*$!
{
	archiveVersion = 1;
	classes = {
	};
	objectVersion = 50;
	objects = {

/* Begin PBXBuildFile section */
		510B818B2758A97600855C43 /* URLSessionHTTPClientTests.swift in Sources */ = {isa = PBXBuildFile; fileRef = 510B818A2758A97600855C43 /* URLSessionHTTPClientTests.swift */; };
		510BC2DF274FF71F00F1A435 /* HTTPClient.swift in Sources */ = {isa = PBXBuildFile; fileRef = 510BC2DE274FF71F00F1A435 /* HTTPClient.swift */; };
		510BC2E3274FF73A00F1A435 /* FeedItemsMapper.swift in Sources */ = {isa = PBXBuildFile; fileRef = 510BC2E2274FF73A00F1A435 /* FeedItemsMapper.swift */; };
		511685E22769D74B00628509 /* EssentialFeedAPIEndToEndTests.swift in Sources */ = {isa = PBXBuildFile; fileRef = 511685E12769D74B00628509 /* EssentialFeedAPIEndToEndTests.swift */; };
		511685E42769D74B00628509 /* EssentialFeed.framework in Frameworks */ = {isa = PBXBuildFile; fileRef = 51C3594D273A23050020E268 /* EssentialFeed.framework */; };
		511685ED2769E06C00628509 /* XCTestCase+MemoryLeakTracking.swift in Sources */ = {isa = PBXBuildFile; fileRef = 512942F127649F78006780BA /* XCTestCase+MemoryLeakTracking.swift */; };
		512942F227649F78006780BA /* XCTestCase+MemoryLeakTracking.swift in Sources */ = {isa = PBXBuildFile; fileRef = 512942F127649F78006780BA /* XCTestCase+MemoryLeakTracking.swift */; };
		512942FA2764B4B6006780BA /* URLSessionHTTPClient.swift in Sources */ = {isa = PBXBuildFile; fileRef = 512942F92764B4B6006780BA /* URLSessionHTTPClient.swift */; };
		515FCC5B27ABCAD900C3B3B4 /* CodableFeedStore.swift in Sources */ = {isa = PBXBuildFile; fileRef = 515FCC5A27ABCAD900C3B3B4 /* CodableFeedStore.swift */; };
		516D523D2792D26E00AD1206 /* LocalFeedLoader.swift in Sources */ = {isa = PBXBuildFile; fileRef = 516D523C2792D26E00AD1206 /* LocalFeedLoader.swift */; };
		516D52452792D28400AD1206 /* FeedStore.swift in Sources */ = {isa = PBXBuildFile; fileRef = 516D52442792D28400AD1206 /* FeedStore.swift */; };
		516D524A2793B3FF00AD1206 /* RemoteFeedItem.swift in Sources */ = {isa = PBXBuildFile; fileRef = 516D52492793B3FF00AD1206 /* RemoteFeedItem.swift */; };
		516D524F2793B43C00AD1206 /* LocalFeedImage.swift in Sources */ = {isa = PBXBuildFile; fileRef = 516D524E2793B43C00AD1206 /* LocalFeedImage.swift */; };
		516D525A2793BB1100AD1206 /* LoadFeedFromCacheUseCaseTests.swift in Sources */ = {isa = PBXBuildFile; fileRef = 516D52592793BB1100AD1206 /* LoadFeedFromCacheUseCaseTests.swift */; };
		516D52602793BC7900AD1206 /* FeedStoreSpy.swift in Sources */ = {isa = PBXBuildFile; fileRef = 516D525F2793BC7900AD1206 /* FeedStoreSpy.swift */; };
		51A6FDC72792744F00117FE3 /* CacheFeedUseCaseTests.swift in Sources */ = {isa = PBXBuildFile; fileRef = 51A6FDC62792744F00117FE3 /* CacheFeedUseCaseTests.swift */; };
		51AD4BBF273A7E8000E3C6F0 /* LoadFeedFromRemoteUseCaseTests.swift in Sources */ = {isa = PBXBuildFile; fileRef = 51AD4BBE273A7E8000E3C6F0 /* LoadFeedFromRemoteUseCaseTests.swift */; };
		51AD4BC4273ACDB300E3C6F0 /* RemoteFeedLoader.swift in Sources */ = {isa = PBXBuildFile; fileRef = 51AD4BC3273ACDB300E3C6F0 /* RemoteFeedLoader.swift */; };
		51C35957273A23050020E268 /* EssentialFeed.framework in Frameworks */ = {isa = PBXBuildFile; fileRef = 51C3594D273A23050020E268 /* EssentialFeed.framework */; };
		51C3595E273A23050020E268 /* EssentialFeed.h in Headers */ = {isa = PBXBuildFile; fileRef = 51C35950273A23050020E268 /* EssentialFeed.h */; settings = {ATTRIBUTES = (Public, ); }; };
		51C3596A273A23300020E268 /* FeedImage.swift in Sources */ = {isa = PBXBuildFile; fileRef = 51C35969273A23300020E268 /* FeedImage.swift */; };
		51C3596E273A239C0020E268 /* FeedLoader.swift in Sources */ = {isa = PBXBuildFile; fileRef = 51C3596D273A239C0020E268 /* FeedLoader.swift */; };
		51C91F362794185000052941 /* ValidateFeedCacheUseCaseTests.swift in Sources */ = {isa = PBXBuildFile; fileRef = 51C91F352794185000052941 /* ValidateFeedCacheUseCaseTests.swift */; };
		51C91F3B2794203200052941 /* FeedCacheTestHelpers.swift in Sources */ = {isa = PBXBuildFile; fileRef = 51C91F3A2794203200052941 /* FeedCacheTestHelpers.swift */; };
		51C91F402794211600052941 /* SharedTestHelpers.swift in Sources */ = {isa = PBXBuildFile; fileRef = 51C91F3F2794211600052941 /* SharedTestHelpers.swift */; };
		51C91F4C2796679000052941 /* FeedCachePolicy.swift in Sources */ = {isa = PBXBuildFile; fileRef = 51C91F4B2796679000052941 /* FeedCachePolicy.swift */; };
		51C91F512798159E00052941 /* CodableFeedStoreTests.swift in Sources */ = {isa = PBXBuildFile; fileRef = 51C91F502798159E00052941 /* CodableFeedStoreTests.swift */; };
/* End PBXBuildFile section */

/* Begin PBXContainerItemProxy section */
		511685E52769D74B00628509 /* PBXContainerItemProxy */ = {
			isa = PBXContainerItemProxy;
			containerPortal = 51C35944273A23050020E268 /* Project object */;
			proxyType = 1;
			remoteGlobalIDString = 51C3594C273A23050020E268;
			remoteInfo = EssentialFeed;
		};
		51C35958273A23050020E268 /* PBXContainerItemProxy */ = {
			isa = PBXContainerItemProxy;
			containerPortal = 51C35944273A23050020E268 /* Project object */;
			proxyType = 1;
			remoteGlobalIDString = 51C3594C273A23050020E268;
			remoteInfo = EssentialFeed;
		};
/* End PBXContainerItemProxy section */

/* Begin PBXFileReference section */
		510B818A2758A97600855C43 /* URLSessionHTTPClientTests.swift */ = {isa = PBXFileReference; lastKnownFileType = sourcecode.swift; path = URLSessionHTTPClientTests.swift; sourceTree = "<group>"; };
		510BC2DE274FF71F00F1A435 /* HTTPClient.swift */ = {isa = PBXFileReference; lastKnownFileType = sourcecode.swift; path = HTTPClient.swift; sourceTree = "<group>"; };
		510BC2E2274FF73A00F1A435 /* FeedItemsMapper.swift */ = {isa = PBXFileReference; lastKnownFileType = sourcecode.swift; path = FeedItemsMapper.swift; sourceTree = "<group>"; };
		511685DF2769D74B00628509 /* EssentialFeedAPIEndToEndTests.xctest */ = {isa = PBXFileReference; explicitFileType = wrapper.cfbundle; includeInIndex = 0; path = EssentialFeedAPIEndToEndTests.xctest; sourceTree = BUILT_PRODUCTS_DIR; };
		511685E12769D74B00628509 /* EssentialFeedAPIEndToEndTests.swift */ = {isa = PBXFileReference; lastKnownFileType = sourcecode.swift; path = EssentialFeedAPIEndToEndTests.swift; sourceTree = "<group>"; };
		511685E32769D74B00628509 /* Info.plist */ = {isa = PBXFileReference; lastKnownFileType = text.plist.xml; path = Info.plist; sourceTree = "<group>"; };
		512942F127649F78006780BA /* XCTestCase+MemoryLeakTracking.swift */ = {isa = PBXFileReference; lastKnownFileType = sourcecode.swift; path = "XCTestCase+MemoryLeakTracking.swift"; sourceTree = "<group>"; };
		512942F92764B4B6006780BA /* URLSessionHTTPClient.swift */ = {isa = PBXFileReference; lastKnownFileType = sourcecode.swift; path = URLSessionHTTPClient.swift; sourceTree = "<group>"; };
		515FCC5A27ABCAD900C3B3B4 /* CodableFeedStore.swift */ = {isa = PBXFileReference; lastKnownFileType = sourcecode.swift; path = CodableFeedStore.swift; sourceTree = "<group>"; };
		516D523C2792D26E00AD1206 /* LocalFeedLoader.swift */ = {isa = PBXFileReference; lastKnownFileType = sourcecode.swift; path = LocalFeedLoader.swift; sourceTree = "<group>"; };
		516D52442792D28400AD1206 /* FeedStore.swift */ = {isa = PBXFileReference; lastKnownFileType = sourcecode.swift; path = FeedStore.swift; sourceTree = "<group>"; };
		516D52492793B3FF00AD1206 /* RemoteFeedItem.swift */ = {isa = PBXFileReference; lastKnownFileType = sourcecode.swift; path = RemoteFeedItem.swift; sourceTree = "<group>"; };
		516D524E2793B43C00AD1206 /* LocalFeedImage.swift */ = {isa = PBXFileReference; lastKnownFileType = sourcecode.swift; path = LocalFeedImage.swift; sourceTree = "<group>"; };
		516D52592793BB1100AD1206 /* LoadFeedFromCacheUseCaseTests.swift */ = {isa = PBXFileReference; lastKnownFileType = sourcecode.swift; path = LoadFeedFromCacheUseCaseTests.swift; sourceTree = "<group>"; };
		516D525F2793BC7900AD1206 /* FeedStoreSpy.swift */ = {isa = PBXFileReference; lastKnownFileType = sourcecode.swift; path = FeedStoreSpy.swift; sourceTree = "<group>"; };
		51A6FDC62792744F00117FE3 /* CacheFeedUseCaseTests.swift */ = {isa = PBXFileReference; lastKnownFileType = sourcecode.swift; path = CacheFeedUseCaseTests.swift; sourceTree = "<group>"; };
		51AD4BBE273A7E8000E3C6F0 /* LoadFeedFromRemoteUseCaseTests.swift */ = {isa = PBXFileReference; lastKnownFileType = sourcecode.swift; path = LoadFeedFromRemoteUseCaseTests.swift; sourceTree = "<group>"; };
		51AD4BC3273ACDB300E3C6F0 /* RemoteFeedLoader.swift */ = {isa = PBXFileReference; lastKnownFileType = sourcecode.swift; path = RemoteFeedLoader.swift; sourceTree = "<group>"; };
		51C3594D273A23050020E268 /* EssentialFeed.framework */ = {isa = PBXFileReference; explicitFileType = wrapper.framework; includeInIndex = 0; path = EssentialFeed.framework; sourceTree = BUILT_PRODUCTS_DIR; };
		51C35950273A23050020E268 /* EssentialFeed.h */ = {isa = PBXFileReference; lastKnownFileType = sourcecode.c.h; path = EssentialFeed.h; sourceTree = "<group>"; };
		51C35951273A23050020E268 /* Info.plist */ = {isa = PBXFileReference; lastKnownFileType = text.plist.xml; path = Info.plist; sourceTree = "<group>"; };
		51C35956273A23050020E268 /* EssentialFeedTests.xctest */ = {isa = PBXFileReference; explicitFileType = wrapper.cfbundle; includeInIndex = 0; path = EssentialFeedTests.xctest; sourceTree = BUILT_PRODUCTS_DIR; };
		51C3595D273A23050020E268 /* Info.plist */ = {isa = PBXFileReference; lastKnownFileType = text.plist.xml; path = Info.plist; sourceTree = "<group>"; };
		51C35969273A23300020E268 /* FeedImage.swift */ = {isa = PBXFileReference; lastKnownFileType = sourcecode.swift; path = FeedImage.swift; sourceTree = "<group>"; };
		51C3596D273A239C0020E268 /* FeedLoader.swift */ = {isa = PBXFileReference; lastKnownFileType = sourcecode.swift; path = FeedLoader.swift; sourceTree = "<group>"; };
		51C91F352794185000052941 /* ValidateFeedCacheUseCaseTests.swift */ = {isa = PBXFileReference; lastKnownFileType = sourcecode.swift; path = ValidateFeedCacheUseCaseTests.swift; sourceTree = "<group>"; };
		51C91F3A2794203200052941 /* FeedCacheTestHelpers.swift */ = {isa = PBXFileReference; lastKnownFileType = sourcecode.swift; path = FeedCacheTestHelpers.swift; sourceTree = "<group>"; };
		51C91F3F2794211600052941 /* SharedTestHelpers.swift */ = {isa = PBXFileReference; lastKnownFileType = sourcecode.swift; path = SharedTestHelpers.swift; sourceTree = "<group>"; };
		51C91F4B2796679000052941 /* FeedCachePolicy.swift */ = {isa = PBXFileReference; lastKnownFileType = sourcecode.swift; path = FeedCachePolicy.swift; sourceTree = "<group>"; };
		51C91F502798159E00052941 /* CodableFeedStoreTests.swift */ = {isa = PBXFileReference; lastKnownFileType = sourcecode.swift; path = CodableFeedStoreTests.swift; sourceTree = "<group>"; };
/* End PBXFileReference section */

/* Begin PBXFrameworksBuildPhase section */
		511685DC2769D74B00628509 /* Frameworks */ = {
			isa = PBXFrameworksBuildPhase;
			buildActionMask = 2147483647;
			files = (
				511685E42769D74B00628509 /* EssentialFeed.framework in Frameworks */,
			);
			runOnlyForDeploymentPostprocessing = 0;
		};
		51C3594A273A23050020E268 /* Frameworks */ = {
			isa = PBXFrameworksBuildPhase;
			buildActionMask = 2147483647;
			files = (
			);
			runOnlyForDeploymentPostprocessing = 0;
		};
		51C35953273A23050020E268 /* Frameworks */ = {
			isa = PBXFrameworksBuildPhase;
			buildActionMask = 2147483647;
			files = (
				51C35957273A23050020E268 /* EssentialFeed.framework in Frameworks */,
			);
			runOnlyForDeploymentPostprocessing = 0;
		};
/* End PBXFrameworksBuildPhase section */

/* Begin PBXGroup section */
		510BC2E6275072DC00F1A435 /* Feed API */ = {
			isa = PBXGroup;
			children = (
				51AD4BBE273A7E8000E3C6F0 /* LoadFeedFromRemoteUseCaseTests.swift */,
				510B818A2758A97600855C43 /* URLSessionHTTPClientTests.swift */,
			);
			path = "Feed API";
			sourceTree = "<group>";
		};
		511685E02769D74B00628509 /* EssentialFeedAPIEndToEndTests */ = {
			isa = PBXGroup;
			children = (
				511685E12769D74B00628509 /* EssentialFeedAPIEndToEndTests.swift */,
				511685E32769D74B00628509 /* Info.plist */,
			);
			path = EssentialFeedAPIEndToEndTests;
			sourceTree = "<group>";
		};
		512942F027649F5B006780BA /* Helpers */ = {
			isa = PBXGroup;
			children = (
				512942F127649F78006780BA /* XCTestCase+MemoryLeakTracking.swift */,
				51C91F3F2794211600052941 /* SharedTestHelpers.swift */,
			);
			path = Helpers;
			sourceTree = "<group>";
		};
		516D523B2792D25300AD1206 /* FeedCache */ = {
			isa = PBXGroup;
			children = (
				516D523C2792D26E00AD1206 /* LocalFeedLoader.swift */,
				516D52442792D28400AD1206 /* FeedStore.swift */,
				516D524E2793B43C00AD1206 /* LocalFeedImage.swift */,
				51C91F4B2796679000052941 /* FeedCachePolicy.swift */,
				515FCC5A27ABCAD900C3B3B4 /* CodableFeedStore.swift */,
			);
			path = FeedCache;
			sourceTree = "<group>";
		};
		516D525E2793BC6A00AD1206 /* Helpers */ = {
			isa = PBXGroup;
			children = (
				516D525F2793BC7900AD1206 /* FeedStoreSpy.swift */,
				51C91F3A2794203200052941 /* FeedCacheTestHelpers.swift */,
			);
			path = Helpers;
			sourceTree = "<group>";
		};
		51A6FDC52792742A00117FE3 /* Feed Cache */ = {
			isa = PBXGroup;
			children = (
				516D525E2793BC6A00AD1206 /* Helpers */,
				51A6FDC62792744F00117FE3 /* CacheFeedUseCaseTests.swift */,
				511685E02769D74B00628509 /* EssentialFeedAPIEndToEndTests */,
				516D52592793BB1100AD1206 /* LoadFeedFromCacheUseCaseTests.swift */,
				51C91F352794185000052941 /* ValidateFeedCacheUseCaseTests.swift */,
				51C91F502798159E00052941 /* CodableFeedStoreTests.swift */,
			);
			path = "Feed Cache";
			sourceTree = "<group>";
		};
		51AD4BC2273ACD9A00E3C6F0 /* FeedAPI */ = {
			isa = PBXGroup;
			children = (
				51AD4BC3273ACDB300E3C6F0 /* RemoteFeedLoader.swift */,
				510BC2E2274FF73A00F1A435 /* FeedItemsMapper.swift */,
				510BC2DE274FF71F00F1A435 /* HTTPClient.swift */,
				512942F92764B4B6006780BA /* URLSessionHTTPClient.swift */,
				516D52492793B3FF00AD1206 /* RemoteFeedItem.swift */,
			);
			path = FeedAPI;
			sourceTree = "<group>";
		};
		51C35943273A23050020E268 = {
			isa = PBXGroup;
			children = (
				51C3594F273A23050020E268 /* EssentialFeed */,
				51C3595A273A23050020E268 /* EssentialFeedTests */,
				51C3594E273A23050020E268 /* Products */,
			);
			sourceTree = "<group>";
		};
		51C3594E273A23050020E268 /* Products */ = {
			isa = PBXGroup;
			children = (
				51C3594D273A23050020E268 /* EssentialFeed.framework */,
				51C35956273A23050020E268 /* EssentialFeedTests.xctest */,
				511685DF2769D74B00628509 /* EssentialFeedAPIEndToEndTests.xctest */,
			);
			name = Products;
			sourceTree = "<group>";
		};
		51C3594F273A23050020E268 /* EssentialFeed */ = {
			isa = PBXGroup;
			children = (
				516D523B2792D25300AD1206 /* FeedCache */,
				51C35974273A2A040020E268 /* FeedFeature */,
				51AD4BC2273ACD9A00E3C6F0 /* FeedAPI */,
				51C35950273A23050020E268 /* EssentialFeed.h */,
				51C35951273A23050020E268 /* Info.plist */,
			);
			path = EssentialFeed;
			sourceTree = "<group>";
		};
		51C3595A273A23050020E268 /* EssentialFeedTests */ = {
			isa = PBXGroup;
			children = (
				512942F027649F5B006780BA /* Helpers */,
				51A6FDC52792742A00117FE3 /* Feed Cache */,
				510BC2E6275072DC00F1A435 /* Feed API */,
				51C3595D273A23050020E268 /* Info.plist */,
			);
			path = EssentialFeedTests;
			sourceTree = "<group>";
		};
		51C35974273A2A040020E268 /* FeedFeature */ = {
			isa = PBXGroup;
			children = (
				51C35969273A23300020E268 /* FeedImage.swift */,
				51C3596D273A239C0020E268 /* FeedLoader.swift */,
			);
			path = FeedFeature;
			sourceTree = "<group>";
		};
/* End PBXGroup section */

/* Begin PBXHeadersBuildPhase section */
		51C35948273A23050020E268 /* Headers */ = {
			isa = PBXHeadersBuildPhase;
			buildActionMask = 2147483647;
			files = (
				51C3595E273A23050020E268 /* EssentialFeed.h in Headers */,
			);
			runOnlyForDeploymentPostprocessing = 0;
		};
/* End PBXHeadersBuildPhase section */

/* Begin PBXNativeTarget section */
		511685DE2769D74B00628509 /* EssentialFeedAPIEndToEndTests */ = {
			isa = PBXNativeTarget;
			buildConfigurationList = 511685E92769D74B00628509 /* Build configuration list for PBXNativeTarget "EssentialFeedAPIEndToEndTests" */;
			buildPhases = (
				511685DB2769D74B00628509 /* Sources */,
				511685DC2769D74B00628509 /* Frameworks */,
				511685DD2769D74B00628509 /* Resources */,
			);
			buildRules = (
			);
			dependencies = (
				511685E62769D74B00628509 /* PBXTargetDependency */,
			);
			name = EssentialFeedAPIEndToEndTests;
			productName = EssentialFeedAPIEndToEndTests;
			productReference = 511685DF2769D74B00628509 /* EssentialFeedAPIEndToEndTests.xctest */;
			productType = "com.apple.product-type.bundle.unit-test";
		};
		51C3594C273A23050020E268 /* EssentialFeed */ = {
			isa = PBXNativeTarget;
			buildConfigurationList = 51C35961273A23050020E268 /* Build configuration list for PBXNativeTarget "EssentialFeed" */;
			buildPhases = (
				51C35948273A23050020E268 /* Headers */,
				51C35949273A23050020E268 /* Sources */,
				51C3594A273A23050020E268 /* Frameworks */,
				51C3594B273A23050020E268 /* Resources */,
			);
			buildRules = (
			);
			dependencies = (
			);
			name = EssentialFeed;
			productName = EssentialFeed;
			productReference = 51C3594D273A23050020E268 /* EssentialFeed.framework */;
			productType = "com.apple.product-type.framework";
		};
		51C35955273A23050020E268 /* EssentialFeedTests */ = {
			isa = PBXNativeTarget;
			buildConfigurationList = 51C35964273A23050020E268 /* Build configuration list for PBXNativeTarget "EssentialFeedTests" */;
			buildPhases = (
				51C35952273A23050020E268 /* Sources */,
				51C35953273A23050020E268 /* Frameworks */,
				51C35954273A23050020E268 /* Resources */,
			);
			buildRules = (
			);
			dependencies = (
				51C35959273A23050020E268 /* PBXTargetDependency */,
			);
			name = EssentialFeedTests;
			productName = EssentialFeedTests;
			productReference = 51C35956273A23050020E268 /* EssentialFeedTests.xctest */;
			productType = "com.apple.product-type.bundle.unit-test";
		};
/* End PBXNativeTarget section */

/* Begin PBXProject section */
		51C35944273A23050020E268 /* Project object */ = {
			isa = PBXProject;
			attributes = {
				LastSwiftUpdateCheck = 1240;
				LastUpgradeCheck = 1240;
				TargetAttributes = {
					511685DE2769D74B00628509 = {
						CreatedOnToolsVersion = 12.4;
					};
					51C3594C273A23050020E268 = {
						CreatedOnToolsVersion = 12.4;
						LastSwiftMigration = 1240;
					};
					51C35955273A23050020E268 = {
						CreatedOnToolsVersion = 12.4;
						LastSwiftMigration = 1240;
					};
				};
			};
			buildConfigurationList = 51C35947273A23050020E268 /* Build configuration list for PBXProject "EssentialFeed" */;
			compatibilityVersion = "Xcode 9.3";
			developmentRegion = en;
			hasScannedForEncodings = 0;
			knownRegions = (
				en,
				Base,
			);
			mainGroup = 51C35943273A23050020E268;
			productRefGroup = 51C3594E273A23050020E268 /* Products */;
			projectDirPath = "";
			projectRoot = "";
			targets = (
				51C3594C273A23050020E268 /* EssentialFeed */,
				51C35955273A23050020E268 /* EssentialFeedTests */,
				511685DE2769D74B00628509 /* EssentialFeedAPIEndToEndTests */,
			);
		};
/* End PBXProject section */

/* Begin PBXResourcesBuildPhase section */
		511685DD2769D74B00628509 /* Resources */ = {
			isa = PBXResourcesBuildPhase;
			buildActionMask = 2147483647;
			files = (
			);
			runOnlyForDeploymentPostprocessing = 0;
		};
		51C3594B273A23050020E268 /* Resources */ = {
			isa = PBXResourcesBuildPhase;
			buildActionMask = 2147483647;
			files = (
			);
			runOnlyForDeploymentPostprocessing = 0;
		};
		51C35954273A23050020E268 /* Resources */ = {
			isa = PBXResourcesBuildPhase;
			buildActionMask = 2147483647;
			files = (
			);
			runOnlyForDeploymentPostprocessing = 0;
		};
/* End PBXResourcesBuildPhase section */

/* Begin PBXSourcesBuildPhase section */
		511685DB2769D74B00628509 /* Sources */ = {
			isa = PBXSourcesBuildPhase;
			buildActionMask = 2147483647;
			files = (
				511685E22769D74B00628509 /* EssentialFeedAPIEndToEndTests.swift in Sources */,
				511685ED2769E06C00628509 /* XCTestCase+MemoryLeakTracking.swift in Sources */,
			);
			runOnlyForDeploymentPostprocessing = 0;
		};
		51C35949273A23050020E268 /* Sources */ = {
			isa = PBXSourcesBuildPhase;
			buildActionMask = 2147483647;
			files = (
				510BC2E3274FF73A00F1A435 /* FeedItemsMapper.swift in Sources */,
				51C3596E273A239C0020E268 /* FeedLoader.swift in Sources */,
				516D524A2793B3FF00AD1206 /* RemoteFeedItem.swift in Sources */,
				51C91F4C2796679000052941 /* FeedCachePolicy.swift in Sources */,
				51AD4BC4273ACDB300E3C6F0 /* RemoteFeedLoader.swift in Sources */,
				516D524F2793B43C00AD1206 /* LocalFeedImage.swift in Sources */,
				516D52452792D28400AD1206 /* FeedStore.swift in Sources */,
				516D523D2792D26E00AD1206 /* LocalFeedLoader.swift in Sources */,
				515FCC5B27ABCAD900C3B3B4 /* CodableFeedStore.swift in Sources */,
				510BC2DF274FF71F00F1A435 /* HTTPClient.swift in Sources */,
				51C3596A273A23300020E268 /* FeedImage.swift in Sources */,
				512942FA2764B4B6006780BA /* URLSessionHTTPClient.swift in Sources */,
			);
			runOnlyForDeploymentPostprocessing = 0;
		};
		51C35952273A23050020E268 /* Sources */ = {
			isa = PBXSourcesBuildPhase;
			buildActionMask = 2147483647;
			files = (
				51C91F512798159E00052941 /* CodableFeedStoreTests.swift in Sources */,
				51C91F3B2794203200052941 /* FeedCacheTestHelpers.swift in Sources */,
				51C91F362794185000052941 /* ValidateFeedCacheUseCaseTests.swift in Sources */,
				51AD4BBF273A7E8000E3C6F0 /* LoadFeedFromRemoteUseCaseTests.swift in Sources */,
				510B818B2758A97600855C43 /* URLSessionHTTPClientTests.swift in Sources */,
				51C91F402794211600052941 /* SharedTestHelpers.swift in Sources */,
				516D52602793BC7900AD1206 /* FeedStoreSpy.swift in Sources */,
				51A6FDC72792744F00117FE3 /* CacheFeedUseCaseTests.swift in Sources */,
				516D525A2793BB1100AD1206 /* LoadFeedFromCacheUseCaseTests.swift in Sources */,
				512942F227649F78006780BA /* XCTestCase+MemoryLeakTracking.swift in Sources */,
			);
			runOnlyForDeploymentPostprocessing = 0;
		};
/* End PBXSourcesBuildPhase section */

/* Begin PBXTargetDependency section */
		511685E62769D74B00628509 /* PBXTargetDependency */ = {
			isa = PBXTargetDependency;
			target = 51C3594C273A23050020E268 /* EssentialFeed */;
			targetProxy = 511685E52769D74B00628509 /* PBXContainerItemProxy */;
		};
		51C35959273A23050020E268 /* PBXTargetDependency */ = {
			isa = PBXTargetDependency;
			target = 51C3594C273A23050020E268 /* EssentialFeed */;
			targetProxy = 51C35958273A23050020E268 /* PBXContainerItemProxy */;
		};
/* End PBXTargetDependency section */

/* Begin XCBuildConfiguration section */
		511685E72769D74B00628509 /* Debug */ = {
			isa = XCBuildConfiguration;
			buildSettings = {
				CODE_SIGN_STYLE = Automatic;
				COMBINE_HIDPI_IMAGES = YES;
				DEVELOPMENT_TEAM = U83VJ5J78N;
				INFOPLIST_FILE = EssentialFeedAPIEndToEndTests/Info.plist;
				LD_RUNPATH_SEARCH_PATHS = (
					"$(inherited)",
					"@executable_path/../Frameworks",
					"@loader_path/../Frameworks",
				);
				PRODUCT_BUNDLE_IDENTIFIER = huyphan.app.EssentialFeedAPIEndToEndTests;
				PRODUCT_NAME = "$(TARGET_NAME)";
				SWIFT_VERSION = 5.0;
			};
			name = Debug;
		};
		511685E82769D74B00628509 /* Release */ = {
			isa = XCBuildConfiguration;
			buildSettings = {
				CODE_SIGN_STYLE = Automatic;
				COMBINE_HIDPI_IMAGES = YES;
				DEVELOPMENT_TEAM = U83VJ5J78N;
				INFOPLIST_FILE = EssentialFeedAPIEndToEndTests/Info.plist;
				LD_RUNPATH_SEARCH_PATHS = (
					"$(inherited)",
					"@executable_path/../Frameworks",
					"@loader_path/../Frameworks",
				);
				PRODUCT_BUNDLE_IDENTIFIER = huyphan.app.EssentialFeedAPIEndToEndTests;
				PRODUCT_NAME = "$(TARGET_NAME)";
				SWIFT_VERSION = 5.0;
			};
			name = Release;
		};
		51C3595F273A23050020E268 /* Debug */ = {
			isa = XCBuildConfiguration;
			buildSettings = {
				ALWAYS_SEARCH_USER_PATHS = NO;
				CLANG_ANALYZER_NONNULL = YES;
				CLANG_ANALYZER_NUMBER_OBJECT_CONVERSION = YES_AGGRESSIVE;
				CLANG_CXX_LANGUAGE_STANDARD = "gnu++14";
				CLANG_CXX_LIBRARY = "libc++";
				CLANG_ENABLE_MODULES = YES;
				CLANG_ENABLE_OBJC_ARC = YES;
				CLANG_ENABLE_OBJC_WEAK = YES;
				CLANG_WARN_BLOCK_CAPTURE_AUTORELEASING = YES;
				CLANG_WARN_BOOL_CONVERSION = YES;
				CLANG_WARN_COMMA = YES;
				CLANG_WARN_CONSTANT_CONVERSION = YES;
				CLANG_WARN_DEPRECATED_OBJC_IMPLEMENTATIONS = YES;
				CLANG_WARN_DIRECT_OBJC_ISA_USAGE = YES_ERROR;
				CLANG_WARN_DOCUMENTATION_COMMENTS = YES;
				CLANG_WARN_EMPTY_BODY = YES;
				CLANG_WARN_ENUM_CONVERSION = YES;
				CLANG_WARN_INFINITE_RECURSION = YES;
				CLANG_WARN_INT_CONVERSION = YES;
				CLANG_WARN_NON_LITERAL_NULL_CONVERSION = YES;
				CLANG_WARN_OBJC_IMPLICIT_RETAIN_SELF = YES;
				CLANG_WARN_OBJC_LITERAL_CONVERSION = YES;
				CLANG_WARN_OBJC_ROOT_CLASS = YES_ERROR;
				CLANG_WARN_QUOTED_INCLUDE_IN_FRAMEWORK_HEADER = YES;
				CLANG_WARN_RANGE_LOOP_ANALYSIS = YES;
				CLANG_WARN_STRICT_PROTOTYPES = YES;
				CLANG_WARN_SUSPICIOUS_MOVE = YES;
				CLANG_WARN_UNGUARDED_AVAILABILITY = YES_AGGRESSIVE;
				CLANG_WARN_UNREACHABLE_CODE = YES;
				CLANG_WARN__DUPLICATE_METHOD_MATCH = YES;
				COPY_PHASE_STRIP = NO;
				CURRENT_PROJECT_VERSION = 1;
				DEBUG_INFORMATION_FORMAT = dwarf;
				ENABLE_STRICT_OBJC_MSGSEND = YES;
				ENABLE_TESTABILITY = YES;
				GCC_C_LANGUAGE_STANDARD = gnu11;
				GCC_DYNAMIC_NO_PIC = NO;
				GCC_NO_COMMON_BLOCKS = YES;
				GCC_OPTIMIZATION_LEVEL = 0;
				GCC_PREPROCESSOR_DEFINITIONS = (
					"DEBUG=1",
					"$(inherited)",
				);
				GCC_WARN_64_TO_32_BIT_CONVERSION = YES;
				GCC_WARN_ABOUT_RETURN_TYPE = YES_ERROR;
				GCC_WARN_UNDECLARED_SELECTOR = YES;
				GCC_WARN_UNINITIALIZED_AUTOS = YES_AGGRESSIVE;
				GCC_WARN_UNUSED_FUNCTION = YES;
				GCC_WARN_UNUSED_VARIABLE = YES;
				MACOSX_DEPLOYMENT_TARGET = 10.15;
				MTL_ENABLE_DEBUG_INFO = INCLUDE_SOURCE;
				MTL_FAST_MATH = YES;
				ONLY_ACTIVE_ARCH = YES;
				SDKROOT = macosx;
				SWIFT_ACTIVE_COMPILATION_CONDITIONS = DEBUG;
				SWIFT_OPTIMIZATION_LEVEL = "-Onone";
				VERSIONING_SYSTEM = "apple-generic";
				VERSION_INFO_PREFIX = "";
			};
			name = Debug;
		};
		51C35960273A23050020E268 /* Release */ = {
			isa = XCBuildConfiguration;
			buildSettings = {
				ALWAYS_SEARCH_USER_PATHS = NO;
				CLANG_ANALYZER_NONNULL = YES;
				CLANG_ANALYZER_NUMBER_OBJECT_CONVERSION = YES_AGGRESSIVE;
				CLANG_CXX_LANGUAGE_STANDARD = "gnu++14";
				CLANG_CXX_LIBRARY = "libc++";
				CLANG_ENABLE_MODULES = YES;
				CLANG_ENABLE_OBJC_ARC = YES;
				CLANG_ENABLE_OBJC_WEAK = YES;
				CLANG_WARN_BLOCK_CAPTURE_AUTORELEASING = YES;
				CLANG_WARN_BOOL_CONVERSION = YES;
				CLANG_WARN_COMMA = YES;
				CLANG_WARN_CONSTANT_CONVERSION = YES;
				CLANG_WARN_DEPRECATED_OBJC_IMPLEMENTATIONS = YES;
				CLANG_WARN_DIRECT_OBJC_ISA_USAGE = YES_ERROR;
				CLANG_WARN_DOCUMENTATION_COMMENTS = YES;
				CLANG_WARN_EMPTY_BODY = YES;
				CLANG_WARN_ENUM_CONVERSION = YES;
				CLANG_WARN_INFINITE_RECURSION = YES;
				CLANG_WARN_INT_CONVERSION = YES;
				CLANG_WARN_NON_LITERAL_NULL_CONVERSION = YES;
				CLANG_WARN_OBJC_IMPLICIT_RETAIN_SELF = YES;
				CLANG_WARN_OBJC_LITERAL_CONVERSION = YES;
				CLANG_WARN_OBJC_ROOT_CLASS = YES_ERROR;
				CLANG_WARN_QUOTED_INCLUDE_IN_FRAMEWORK_HEADER = YES;
				CLANG_WARN_RANGE_LOOP_ANALYSIS = YES;
				CLANG_WARN_STRICT_PROTOTYPES = YES;
				CLANG_WARN_SUSPICIOUS_MOVE = YES;
				CLANG_WARN_UNGUARDED_AVAILABILITY = YES_AGGRESSIVE;
				CLANG_WARN_UNREACHABLE_CODE = YES;
				CLANG_WARN__DUPLICATE_METHOD_MATCH = YES;
				COPY_PHASE_STRIP = NO;
				CURRENT_PROJECT_VERSION = 1;
				DEBUG_INFORMATION_FORMAT = "dwarf-with-dsym";
				ENABLE_NS_ASSERTIONS = NO;
				ENABLE_STRICT_OBJC_MSGSEND = YES;
				GCC_C_LANGUAGE_STANDARD = gnu11;
				GCC_NO_COMMON_BLOCKS = YES;
				GCC_WARN_64_TO_32_BIT_CONVERSION = YES;
				GCC_WARN_ABOUT_RETURN_TYPE = YES_ERROR;
				GCC_WARN_UNDECLARED_SELECTOR = YES;
				GCC_WARN_UNINITIALIZED_AUTOS = YES_AGGRESSIVE;
				GCC_WARN_UNUSED_FUNCTION = YES;
				GCC_WARN_UNUSED_VARIABLE = YES;
				MACOSX_DEPLOYMENT_TARGET = 10.15;
				MTL_ENABLE_DEBUG_INFO = NO;
				MTL_FAST_MATH = YES;
				SDKROOT = macosx;
				SWIFT_COMPILATION_MODE = wholemodule;
				SWIFT_OPTIMIZATION_LEVEL = "-O";
				VERSIONING_SYSTEM = "apple-generic";
				VERSION_INFO_PREFIX = "";
			};
			name = Release;
		};
		51C35962273A23050020E268 /* Debug */ = {
			isa = XCBuildConfiguration;
			buildSettings = {
				CLANG_ENABLE_MODULES = YES;
				CODE_SIGN_STYLE = Automatic;
				COMBINE_HIDPI_IMAGES = YES;
				DEFINES_MODULE = YES;
				DEVELOPMENT_TEAM = U83VJ5J78N;
				DYLIB_COMPATIBILITY_VERSION = 1;
				DYLIB_CURRENT_VERSION = 1;
				DYLIB_INSTALL_NAME_BASE = "@rpath";
				INFOPLIST_FILE = EssentialFeed/Info.plist;
				INSTALL_PATH = "$(LOCAL_LIBRARY_DIR)/Frameworks";
				LD_RUNPATH_SEARCH_PATHS = (
					"$(inherited)",
					"@executable_path/../Frameworks",
					"@loader_path/Frameworks",
				);
				PRODUCT_BUNDLE_IDENTIFIER = huyphan.app.EssentialFeed;
				PRODUCT_NAME = "$(TARGET_NAME:c99extidentifier)";
				SKIP_INSTALL = YES;
				SWIFT_OPTIMIZATION_LEVEL = "-Onone";
				SWIFT_VERSION = 5.0;
			};
			name = Debug;
		};
		51C35963273A23050020E268 /* Release */ = {
			isa = XCBuildConfiguration;
			buildSettings = {
				CLANG_ENABLE_MODULES = YES;
				CODE_SIGN_STYLE = Automatic;
				COMBINE_HIDPI_IMAGES = YES;
				DEFINES_MODULE = YES;
				DEVELOPMENT_TEAM = U83VJ5J78N;
				DYLIB_COMPATIBILITY_VERSION = 1;
				DYLIB_CURRENT_VERSION = 1;
				DYLIB_INSTALL_NAME_BASE = "@rpath";
				INFOPLIST_FILE = EssentialFeed/Info.plist;
				INSTALL_PATH = "$(LOCAL_LIBRARY_DIR)/Frameworks";
				LD_RUNPATH_SEARCH_PATHS = (
					"$(inherited)",
					"@executable_path/../Frameworks",
					"@loader_path/Frameworks",
				);
				PRODUCT_BUNDLE_IDENTIFIER = huyphan.app.EssentialFeed;
				PRODUCT_NAME = "$(TARGET_NAME:c99extidentifier)";
				SKIP_INSTALL = YES;
				SWIFT_VERSION = 5.0;
			};
			name = Release;
		};
		51C35965273A23050020E268 /* Debug */ = {
			isa = XCBuildConfiguration;
			buildSettings = {
				ALWAYS_EMBED_SWIFT_STANDARD_LIBRARIES = YES;
				CLANG_ENABLE_MODULES = YES;
				CODE_SIGN_STYLE = Automatic;
				COMBINE_HIDPI_IMAGES = YES;
				DEVELOPMENT_TEAM = U83VJ5J78N;
				INFOPLIST_FILE = EssentialFeedTests/Info.plist;
				LD_RUNPATH_SEARCH_PATHS = (
					"$(inherited)",
					"@executable_path/../Frameworks",
					"@loader_path/../Frameworks",
				);
				PRODUCT_BUNDLE_IDENTIFIER = huyphan.app.EssentialFeedTests;
				PRODUCT_NAME = "$(TARGET_NAME)";
				SWIFT_OPTIMIZATION_LEVEL = "-Onone";
				SWIFT_VERSION = 5.0;
			};
			name = Debug;
		};
		51C35966273A23050020E268 /* Release */ = {
			isa = XCBuildConfiguration;
			buildSettings = {
				ALWAYS_EMBED_SWIFT_STANDARD_LIBRARIES = YES;
				CLANG_ENABLE_MODULES = YES;
				CODE_SIGN_STYLE = Automatic;
				COMBINE_HIDPI_IMAGES = YES;
				DEVELOPMENT_TEAM = U83VJ5J78N;
				INFOPLIST_FILE = EssentialFeedTests/Info.plist;
				LD_RUNPATH_SEARCH_PATHS = (
					"$(inherited)",
					"@executable_path/../Frameworks",
					"@loader_path/../Frameworks",
				);
				PRODUCT_BUNDLE_IDENTIFIER = huyphan.app.EssentialFeedTests;
				PRODUCT_NAME = "$(TARGET_NAME)";
				SWIFT_VERSION = 5.0;
			};
			name = Release;
		};
/* End XCBuildConfiguration section */

/* Begin XCConfigurationList section */
		511685E92769D74B00628509 /* Build configuration list for PBXNativeTarget "EssentialFeedAPIEndToEndTests" */ = {
			isa = XCConfigurationList;
			buildConfigurations = (
				511685E72769D74B00628509 /* Debug */,
				511685E82769D74B00628509 /* Release */,
			);
			defaultConfigurationIsVisible = 0;
			defaultConfigurationName = Release;
		};
		51C35947273A23050020E268 /* Build configuration list for PBXProject "EssentialFeed" */ = {
			isa = XCConfigurationList;
			buildConfigurations = (
				51C3595F273A23050020E268 /* Debug */,
				51C35960273A23050020E268 /* Release */,
			);
			defaultConfigurationIsVisible = 0;
			defaultConfigurationName = Release;
		};
		51C35961273A23050020E268 /* Build configuration list for PBXNativeTarget "EssentialFeed" */ = {
			isa = XCConfigurationList;
			buildConfigurations = (
				51C35962273A23050020E268 /* Debug */,
				51C35963273A23050020E268 /* Release */,
			);
			defaultConfigurationIsVisible = 0;
			defaultConfigurationName = Release;
		};
		51C35964273A23050020E268 /* Build configuration list for PBXNativeTarget "EssentialFeedTests" */ = {
			isa = XCConfigurationList;
			buildConfigurations = (
				51C35965273A23050020E268 /* Debug */,
				51C35966273A23050020E268 /* Release */,
			);
			defaultConfigurationIsVisible = 0;
			defaultConfigurationName = Release;
		};
/* End XCConfigurationList section */
	};
	rootObject = 51C35944273A23050020E268 /* Project object */;
}
